
Microsoft Visual Studio Solution File, Format Version 12.00
# Visual Studio Version 16
VisualStudioVersion = 16.0.31515.178
MinimumVisualStudioVersion = 10.0.40219.1
Project("{9A19103F-16F7-4668-BE54-9A1E7A4F7556}") = "LAB02-ED1", "LAB02-ED1.csproj", "{0546D56F-799A-4303-A71D-708B942075A3}"
EndProject
Project("{FAE04EC0-301F-11D3-BF4B-00C04F79EFBC}") = "ClassLibrary01", "..\ClassLibrary01\ClassLibrary01.csproj", "{98B4E422-6C94-44CB-B056-ABD39753432B}"
EndProject
Global
	GlobalSection(SolutionConfigurationPlatforms) = preSolution
		Debug|Any CPU = Debug|Any CPU
		Release|Any CPU = Release|Any CPU
	EndGlobalSection
	GlobalSection(ProjectConfigurationPlatforms) = postSolution
		{0546D56F-799A-4303-A71D-708B942075A3}.Debug|Any CPU.ActiveCfg = Debug|Any CPU
		{0546D56F-799A-4303-A71D-708B942075A3}.Debug|Any CPU.Build.0 = Debug|Any CPU
		{0546D56F-799A-4303-A71D-708B942075A3}.Release|Any CPU.ActiveCfg = Release|Any CPU
		{0546D56F-799A-4303-A71D-708B942075A3}.Release|Any CPU.Build.0 = Release|Any CPU
		{98B4E422-6C94-44CB-B056-ABD39753432B}.Debug|Any CPU.ActiveCfg = Debug|Any CPU
		{98B4E422-6C94-44CB-B056-ABD39753432B}.Debug|Any CPU.Build.0 = Debug|Any CPU
		{98B4E422-6C94-44CB-B056-ABD39753432B}.Release|Any CPU.ActiveCfg = Release|Any CPU
		{98B4E422-6C94-44CB-B056-ABD39753432B}.Release|Any CPU.Build.0 = Release|Any CPU
	EndGlobalSection
	GlobalSection(SolutionProperties) = preSolution
		HideSolutionNode = FALSE
	EndGlobalSection
	GlobalSection(ExtensibilityGlobals) = postSolution
		SolutionGuid = {082CEDBB-5F99-4932-9B50-68A7B2F7513F}
	EndGlobalSection
EndGlobal
